
Microsoft Visual Studio Solution File, Format Version 12.00
# Visual Studio Version 16
VisualStudioVersion = 16.0.31702.278
MinimumVisualStudioVersion = 10.0.40219.1
Project("{9A19103F-16F7-4668-BE54-9A1E7A4F7556}") = "Lesson6", "Lesson6\Lesson6.csproj", "{EDB96C85-4657-434F-A666-837A3F080E3E}"
EndProject
Project("{FAE04EC0-301F-11D3-BF4B-00C04F79EFBC}") = "Lesson6_2", "Lesson6_2\Lesson6_2.csproj", "{27E12215-CD27-45DA-9702-8EAD58DE6B9E}"
EndProject
Global
	GlobalSection(SolutionConfigurationPlatforms) = preSolution
		Debug|Any CPU = Debug|Any CPU
		Release|Any CPU = Release|Any CPU
	EndGlobalSection
	GlobalSection(ProjectConfigurationPlatforms) = postSolution
		{EDB96C85-4657-434F-A666-837A3F080E3E}.Debug|Any CPU.ActiveCfg = Debug|Any CPU
		{EDB96C85-4657-434F-A666-837A3F080E3E}.Debug|Any CPU.Build.0 = Debug|Any CPU
		{EDB96C85-4657-434F-A666-837A3F080E3E}.Release|Any CPU.ActiveCfg = Release|Any CPU
		{EDB96C85-4657-434F-A666-837A3F080E3E}.Release|Any CPU.Build.0 = Release|Any CPU
		{27E12215-CD27-45DA-9702-8EAD58DE6B9E}.Debug|Any CPU.ActiveCfg = Debug|Any CPU
		{27E12215-CD27-45DA-9702-8EAD58DE6B9E}.Debug|Any CPU.Build.0 = Debug|Any CPU
		{27E12215-CD27-45DA-9702-8EAD58DE6B9E}.Release|Any CPU.ActiveCfg = Release|Any CPU
		{27E12215-CD27-45DA-9702-8EAD58DE6B9E}.Release|Any CPU.Build.0 = Release|Any CPU
	EndGlobalSection
	GlobalSection(SolutionProperties) = preSolution
		HideSolutionNode = FALSE
	EndGlobalSection
	GlobalSection(ExtensibilityGlobals) = postSolution
		SolutionGuid = {27505EC8-78AB-4404-A575-AF6813919C96}
	EndGlobalSection
EndGlobal
