
Microsoft Visual Studio Solution File, Format Version 12.00
# Visual Studio Version 16
VisualStudioVersion = 16.0.31702.278
MinimumVisualStudioVersion = 10.0.40219.1
Project("{9A19103F-16F7-4668-BE54-9A1E7A4F7556}") = "Lesson5_1", "Lesson5\Lesson5_1.csproj", "{5015ACA7-6B62-47E8-8A4E-7F7A7D646D58}"
EndProject
Project("{FAE04EC0-301F-11D3-BF4B-00C04F79EFBC}") = "Lesson5_2", "Lesson5_2\Lesson5_2.csproj", "{8696DC86-9368-48DB-9281-0035228943AB}"
EndProject
Project("{FAE04EC0-301F-11D3-BF4B-00C04F79EFBC}") = "Lesson5_3", "Lesson5_3\Lesson5_3.csproj", "{3629E938-9489-49A1-BE94-D41B48234058}"
EndProject
Global
	GlobalSection(SolutionConfigurationPlatforms) = preSolution
		Debug|Any CPU = Debug|Any CPU
		Release|Any CPU = Release|Any CPU
	EndGlobalSection
	GlobalSection(ProjectConfigurationPlatforms) = postSolution
		{5015ACA7-6B62-47E8-8A4E-7F7A7D646D58}.Debug|Any CPU.ActiveCfg = Debug|Any CPU
		{5015ACA7-6B62-47E8-8A4E-7F7A7D646D58}.Debug|Any CPU.Build.0 = Debug|Any CPU
		{5015ACA7-6B62-47E8-8A4E-7F7A7D646D58}.Release|Any CPU.ActiveCfg = Release|Any CPU
		{5015ACA7-6B62-47E8-8A4E-7F7A7D646D58}.Release|Any CPU.Build.0 = Release|Any CPU
		{8696DC86-9368-48DB-9281-0035228943AB}.Debug|Any CPU.ActiveCfg = Debug|Any CPU
		{8696DC86-9368-48DB-9281-0035228943AB}.Debug|Any CPU.Build.0 = Debug|Any CPU
		{8696DC86-9368-48DB-9281-0035228943AB}.Release|Any CPU.ActiveCfg = Release|Any CPU
		{8696DC86-9368-48DB-9281-0035228943AB}.Release|Any CPU.Build.0 = Release|Any CPU
		{3629E938-9489-49A1-BE94-D41B48234058}.Debug|Any CPU.ActiveCfg = Debug|Any CPU
		{3629E938-9489-49A1-BE94-D41B48234058}.Debug|Any CPU.Build.0 = Debug|Any CPU
		{3629E938-9489-49A1-BE94-D41B48234058}.Release|Any CPU.ActiveCfg = Release|Any CPU
		{3629E938-9489-49A1-BE94-D41B48234058}.Release|Any CPU.Build.0 = Release|Any CPU
	EndGlobalSection
	GlobalSection(SolutionProperties) = preSolution
		HideSolutionNode = FALSE
	EndGlobalSection
	GlobalSection(ExtensibilityGlobals) = postSolution
		SolutionGuid = {5636458D-7A14-4B2C-B7A2-CB8F501ABE2B}
	EndGlobalSection
EndGlobal
